
Microsoft Visual Studio Solution File, Format Version 12.00
# Visual Studio Version 16
VisualStudioVersion = 16.0.30804.86
MinimumVisualStudioVersion = 10.0.40219.1
Project("{FAE04EC0-301F-11D3-BF4B-00C04F79EFBC}") = "Animate", "Animate\Animate.csproj", "{C07F39DF-4FE5-4D85-9F5F-9C76C02B289E}"
EndProject
Global
	GlobalSection(SolutionConfigurationPlatforms) = preSolution
		Debug|Any CPU = Debug|Any CPU
		Release|Any CPU = Release|Any CPU
	EndGlobalSection
	GlobalSection(ProjectConfigurationPlatforms) = postSolution
		{C07F39DF-4FE5-4D85-9F5F-9C76C02B289E}.Debug|Any CPU.ActiveCfg = Debug|Any CPU
		{C07F39DF-4FE5-4D85-9F5F-9C76C02B289E}.Debug|Any CPU.Build.0 = Debug|Any CPU
		{C07F39DF-4FE5-4D85-9F5F-9C76C02B289E}.Release|Any CPU.ActiveCfg = Release|Any CPU
		{C07F39DF-4FE5-4D85-9F5F-9C76C02B289E}.Release|Any CPU.Build.0 = Release|Any CPU
	EndGlobalSection
	GlobalSection(SolutionProperties) = preSolution
		HideSolutionNode = FALSE
	EndGlobalSection
	GlobalSection(ExtensibilityGlobals) = postSolution
		SolutionGuid = {01117E08-313A-456B-AF03-AB601693E511}
	EndGlobalSection
EndGlobal
